
Microsoft Visual Studio Solution File, Format Version 12.00
# Visual Studio 15
VisualStudioVersion = 15.0.28010.2026
MinimumVisualStudioVersion = 10.0.40219.1
Project("{FAE04EC0-301F-11D3-BF4B-00C04F79EFBC}") = "AppVectorAleatorio", "AppVectorAleatorio\AppVectorAleatorio.csproj", "{861BE3C4-187D-422E-A895-AC52CB93B9FC}"
EndProject
Global
	GlobalSection(SolutionConfigurationPlatforms) = preSolution
		Debug|Any CPU = Debug|Any CPU
		Release|Any CPU = Release|Any CPU
	EndGlobalSection
	GlobalSection(ProjectConfigurationPlatforms) = postSolution
		{861BE3C4-187D-422E-A895-AC52CB93B9FC}.Debug|Any CPU.ActiveCfg = Debug|Any CPU
		{861BE3C4-187D-422E-A895-AC52CB93B9FC}.Debug|Any CPU.Build.0 = Debug|Any CPU
		{861BE3C4-187D-422E-A895-AC52CB93B9FC}.Release|Any CPU.ActiveCfg = Release|Any CPU
		{861BE3C4-187D-422E-A895-AC52CB93B9FC}.Release|Any CPU.Build.0 = Release|Any CPU
	EndGlobalSection
	GlobalSection(SolutionProperties) = preSolution
		HideSolutionNode = FALSE
	EndGlobalSection
	GlobalSection(ExtensibilityGlobals) = postSolution
		SolutionGuid = {86D24436-AA7A-4C71-B9C3-8E00A6B66828}
	EndGlobalSection
EndGlobal
